dependencies:
- name: argo-cd-proxy-chart
  repository: https://distributed-technologies.github.io/helm-charts/
  version: 0.1.4
- name: cni
  repository: https://distributed-technologies.github.io/helm-charts/
  version: 1.0.0
- name: lb-proxy
  repository: https://distributed-technologies.github.io/helm-charts/
  version: 0.1.0
digest: sha256:c27befc40e848330f56535d2c6e88a741a6226ffd63212ba1b254a01de781296
generated: "2022-03-15T08:55:07.555062608+01:00"
